// !$*UTF8*$!
{
	archiveVersion = 1;
	classes = {
	};
	objectVersion = 50;
	objects = {

/* Begin PBXBuildFile section */
		684809AF24D9901F008996C8 /* main.m in Sources */ = {isa = PBXBuildFile; fileRef = 684809AE24D9901F008996C8 /* main.m */; };
		684809BD24D99477008996C8 /* Person.m in Sources */ = {isa = PBXBuildFile; fileRef = 684809BC24D99477008996C8 /* Person.m */; };
		684809C924D997C9008996C8 /* Person+Name.m in Sources */ = {isa = PBXBuildFile; fileRef = 684809C824D997C9008996C8 /* Person+Name.m */; };
		684809CC24D9982A008996C8 /* Person+Age.m in Sources */ = {isa = PBXBuildFile; fileRef = 684809CB24D9982A008996C8 /* Person+Age.m */; };
		684809D524DA5DF8008996C8 /* Person+AddPropertyTest.m in Sources */ = {isa = PBXBuildFile; fileRef = 684809D424DA5DF8008996C8 /* Person+AddPropertyTest.m */; };
		68480A5924DBEE6B008996C8 /* Person+PrivateMethodDisclosure.m in Sources */ = {isa = PBXBuildFile; fileRef = 68480A5824DBEE6B008996C8 /* Person+PrivateMethodDisclosure.m */; };
/* End PBXBuildFile section */

/* Begin PBXCopyFilesBuildPhase section */
		684809A924D9901F008996C8 /* CopyFiles */ = {
			isa = PBXCopyFilesBuildPhase;
			buildActionMask = 2147483647;
			dstPath = /usr/share/man/man1/;
			dstSubfolderSpec = 0;
			files = (
			);
			runOnlyForDeploymentPostprocessing = 1;
		};
/* End PBXCopyFilesBuildPhase section */

/* Begin PBXFileReference section */
		684809AB24D9901F008996C8 /* CategoryTest */ = {isa = PBXFileReference; explicitFileType = "compiled.mach-o.executable"; includeInIndex = 0; path = CategoryTest; sourceTree = BUILT_PRODUCTS_DIR; };
		684809AE24D9901F008996C8 /* main.m */ = {isa = PBXFileReference; lastKnownFileType = sourcecode.c.objc; path = main.m; sourceTree = "<group>"; };
		684809BB24D99477008996C8 /* Person.h */ = {isa = PBXFileReference; lastKnownFileType = sourcecode.c.h; path = Person.h; sourceTree = "<group>"; };
		684809BC24D99477008996C8 /* Person.m */ = {isa = PBXFileReference; lastKnownFileType = sourcecode.c.objc; path = Person.m; sourceTree = "<group>"; };
		684809C724D997C9008996C8 /* Person+Name.h */ = {isa = PBXFileReference; lastKnownFileType = sourcecode.c.h; path = "Person+Name.h"; sourceTree = "<group>"; };
		684809C824D997C9008996C8 /* Person+Name.m */ = {isa = PBXFileReference; lastKnownFileType = sourcecode.c.objc; path = "Person+Name.m"; sourceTree = "<group>"; };
		684809CA24D9982A008996C8 /* Person+Age.h */ = {isa = PBXFileReference; lastKnownFileType = sourcecode.c.h; path = "Person+Age.h"; sourceTree = "<group>"; };
		684809CB24D9982A008996C8 /* Person+Age.m */ = {isa = PBXFileReference; lastKnownFileType = sourcecode.c.objc; path = "Person+Age.m"; sourceTree = "<group>"; };
		684809D324DA5DF8008996C8 /* Person+AddPropertyTest.h */ = {isa = PBXFileReference; lastKnownFileType = sourcecode.c.h; path = "Person+AddPropertyTest.h"; sourceTree = "<group>"; };
		684809D424DA5DF8008996C8 /* Person+AddPropertyTest.m */ = {isa = PBXFileReference; lastKnownFileType = sourcecode.c.objc; path = "Person+AddPropertyTest.m"; sourceTree = "<group>"; };
		68480A5724DBEE6B008996C8 /* Person+PrivateMethodDisclosure.h */ = {isa = PBXFileReference; lastKnownFileType = sourcecode.c.h; path = "Person+PrivateMethodDisclosure.h"; sourceTree = "<group>"; };
		68480A5824DBEE6B008996C8 /* Person+PrivateMethodDisclosure.m */ = {isa = PBXFileReference; lastKnownFileType = sourcecode.c.objc; path = "Person+PrivateMethodDisclosure.m"; sourceTree = "<group>"; };
/* End PBXFileReference section */

/* Begin PBXFrameworksBuildPhase section */
		684809A824D9901F008996C8 /* Frameworks */ = {
			isa = PBXFrameworksBuildPhase;
			buildActionMask = 2147483647;
			files = (
			);
			runOnlyForDeploymentPostprocessing = 0;
		};
/* End PBXFrameworksBuildPhase section */

/* Begin PBXGroup section */
		684809A224D9901F008996C8 = {
			isa = PBXGroup;
			children = (
				684809AD24D9901F008996C8 /* CategoryTest */,
				684809AC24D9901F008996C8 /* Products */,
			);
			sourceTree = "<group>";
		};
		684809AC24D9901F008996C8 /* Products */ = {
			isa = PBXGroup;
			children = (
				684809AB24D9901F008996C8 /* CategoryTest */,
			);
			name = Products;
			sourceTree = "<group>";
		};
		684809AD24D9901F008996C8 /* CategoryTest */ = {
			isa = PBXGroup;
			children = (
				684809AE24D9901F008996C8 /* main.m */,
				684809BB24D99477008996C8 /* Person.h */,
				684809BC24D99477008996C8 /* Person.m */,
				684809C724D997C9008996C8 /* Person+Name.h */,
				684809C824D997C9008996C8 /* Person+Name.m */,
				684809CA24D9982A008996C8 /* Person+Age.h */,
				684809CB24D9982A008996C8 /* Person+Age.m */,
				684809D324DA5DF8008996C8 /* Person+AddPropertyTest.h */,
				684809D424DA5DF8008996C8 /* Person+AddPropertyTest.m */,
				68480A5724DBEE6B008996C8 /* Person+PrivateMethodDisclosure.h */,
				68480A5824DBEE6B008996C8 /* Person+PrivateMethodDisclosure.m */,
			);
			path = CategoryTest;
			sourceTree = "<group>";
		};
/* End PBXGroup section */

/* Begin PBXNativeTarget section */
		684809AA24D9901F008996C8 /* CategoryTest */ = {
			isa = PBXNativeTarget;
			buildConfigurationList = 684809B224D9901F008996C8 /* Build configuration list for PBXNativeTarget "CategoryTest" */;
			buildPhases = (
				684809A724D9901F008996C8 /* Sources */,
				684809A824D9901F008996C8 /* Frameworks */,
				684809A924D9901F008996C8 /* CopyFiles */,
			);
			buildRules = (
			);
			dependencies = (
			);
			name = CategoryTest;
			productName = CategoryTest;
			productReference = 684809AB24D9901F008996C8 /* CategoryTest */;
			productType = "com.apple.product-type.tool";
		};
/* End PBXNativeTarget section */

/* Begin PBXProject section */
		684809A324D9901F008996C8 /* Project object */ = {
			isa = PBXProject;
			attributes = {
				LastUpgradeCheck = 1150;
				ORGANIZATIONNAME = "蒲悦蓉";
				TargetAttributes = {
					684809AA24D9901F008996C8 = {
						CreatedOnToolsVersion = 11.5;
					};
				};
			};
			buildConfigurationList = 684809A624D9901F008996C8 /* Build configuration list for PBXProject "CategoryTest" */;
			compatibilityVersion = "Xcode 9.3";
			developmentRegion = en;
			hasScannedForEncodings = 0;
			knownRegions = (
				en,
				Base,
			);
			mainGroup = 684809A224D9901F008996C8;
			productRefGroup = 684809AC24D9901F008996C8 /* Products */;
			projectDirPath = "";
			projectRoot = "";
			targets = (
				684809AA24D9901F008996C8 /* CategoryTest */,
			);
		};
/* End PBXProject section */

/* Begin PBXSourcesBuildPhase section */
		684809A724D9901F008996C8 /* Sources */ = {
			isa = PBXSourcesBuildPhase;
			buildActionMask = 2147483647;
			files = (
				684809C924D997C9008996C8 /* Person+Name.m in Sources */,
				684809D524DA5DF8008996C8 /* Person+AddPropertyTest.m in Sources */,
				68480A5924DBEE6B008996C8 /* Person+PrivateMethodDisclosure.m in Sources */,
				684809BD24D99477008996C8 /* Person.m in Sources */,
				684809CC24D9982A008996C8 /* Person+Age.m in Sources */,
				684809AF24D9901F008996C8 /* main.m in Sources */,
			);
			runOnlyForDeploymentPostprocessing = 0;
		};
/* End PBXSourcesBuildPhase section */

/* Begin XCBuildConfiguration section */
		684809B024D9901F008996C8 /* Debug */ = {
			isa = XCBuildConfiguration;
			buildSettings = {
				ALWAYS_SEARCH_USER_PATHS = NO;
				CLANG_ANALYZER_NONNULL = YES;
				CLANG_ANALYZER_NUMBER_OBJECT_CONVERSION = YES_AGGRESSIVE;
				CLANG_CXX_LANGUAGE_STANDARD = "gnu++14";
				CLANG_CXX_LIBRARY = "libc++";
				CLANG_ENABLE_MODULES = YES;
				CLANG_ENABLE_OBJC_ARC = YES;
				CLANG_ENABLE_OBJC_WEAK = YES;
				CLANG_WARN_BLOCK_CAPTURE_AUTORELEASING = YES;
				CLANG_WARN_BOOL_CONVERSION = YES;
				CLANG_WARN_COMMA = YES;
				CLANG_WARN_CONSTANT_CONVERSION = YES;
				CLANG_WARN_DEPRECATED_OBJC_IMPLEMENTATIONS = YES;
				CLANG_WARN_DIRECT_OBJC_ISA_USAGE = YES_ERROR;
				CLANG_WARN_DOCUMENTATION_COMMENTS = YES;
				CLANG_WARN_EMPTY_BODY = YES;
				CLANG_WARN_ENUM_CONVERSION = YES;
				CLANG_WARN_INFINITE_RECURSION = YES;
				CLANG_WARN_INT_CONVERSION = YES;
				CLANG_WARN_NON_LITERAL_NULL_CONVERSION = YES;
				CLANG_WARN_OBJC_IMPLICIT_RETAIN_SELF = YES;
				CLANG_WARN_OBJC_LITERAL_CONVERSION = YES;
				CLANG_WARN_OBJC_ROOT_CLASS = YES_ERROR;
				CLANG_WARN_RANGE_LOOP_ANALYSIS = YES;
				CLANG_WARN_STRICT_PROTOTYPES = YES;
				CLANG_WARN_SUSPICIOUS_MOVE = YES;
				CLANG_WARN_UNGUARDED_AVAILABILITY = YES_AGGRESSIVE;
				CLANG_WARN_UNREACHABLE_CODE = YES;
				CLANG_WARN__DUPLICATE_METHOD_MATCH = YES;
				COPY_PHASE_STRIP = NO;
				DEBUG_INFORMATION_FORMAT = dwarf;
				ENABLE_STRICT_OBJC_MSGSEND = YES;
				ENABLE_TESTABILITY = YES;
				GCC_C_LANGUAGE_STANDARD = gnu11;
				GCC_DYNAMIC_NO_PIC = NO;
				GCC_NO_COMMON_BLOCKS = YES;
				GCC_OPTIMIZATION_LEVEL = 0;
				GCC_PREPROCESSOR_DEFINITIONS = (
					"DEBUG=1",
					"$(inherited)",
				);
				GCC_WARN_64_TO_32_BIT_CONVERSION = YES;
				GCC_WARN_ABOUT_RETURN_TYPE = YES_ERROR;
				GCC_WARN_UNDECLARED_SELECTOR = YES;
				GCC_WARN_UNINITIALIZED_AUTOS = YES_AGGRESSIVE;
				GCC_WARN_UNUSED_FUNCTION = YES;
				GCC_WARN_UNUSED_VARIABLE = YES;
				MACOSX_DEPLOYMENT_TARGET = 10.15;
				MTL_ENABLE_DEBUG_INFO = INCLUDE_SOURCE;
				MTL_FAST_MATH = YES;
				ONLY_ACTIVE_ARCH = YES;
				SDKROOT = macosx;
			};
			name = Debug;
		};
		684809B124D9901F008996C8 /* Release */ = {
			isa = XCBuildConfiguration;
			buildSettings = {
				ALWAYS_SEARCH_USER_PATHS = NO;
				CLANG_ANALYZER_NONNULL = YES;
				CLANG_ANALYZER_NUMBER_OBJECT_CONVERSION = YES_AGGRESSIVE;
				CLANG_CXX_LANGUAGE_STANDARD = "gnu++14";
				CLANG_CXX_LIBRARY = "libc++";
				CLANG_ENABLE_MODULES = YES;
				CLANG_ENABLE_OBJC_ARC = YES;
				CLANG_ENABLE_OBJC_WEAK = YES;
				CLANG_WARN_BLOCK_CAPTURE_AUTORELEASING = YES;
				CLANG_WARN_BOOL_CONVERSION = YES;
				CLANG_WARN_COMMA = YES;
				CLANG_WARN_CONSTANT_CONVERSION = YES;
				CLANG_WARN_DEPRECATED_OBJC_IMPLEMENTATIONS = YES;
				CLANG_WARN_DIRECT_OBJC_ISA_USAGE = YES_ERROR;
				CLANG_WARN_DOCUMENTATION_COMMENTS = YES;
				CLANG_WARN_EMPTY_BODY = YES;
				CLANG_WARN_ENUM_CONVERSION = YES;
				CLANG_WARN_INFINITE_RECURSION = YES;
				CLANG_WARN_INT_CONVERSION = YES;
				CLANG_WARN_NON_LITERAL_NULL_CONVERSION = YES;
				CLANG_WARN_OBJC_IMPLICIT_RETAIN_SELF = YES;
				CLANG_WARN_OBJC_LITERAL_CONVERSION = YES;
				CLANG_WARN_OBJC_ROOT_CLASS = YES_ERROR;
				CLANG_WARN_RANGE_LOOP_ANALYSIS = YES;
				CLANG_WARN_STRICT_PROTOTYPES = YES;
				CLANG_WARN_SUSPICIOUS_MOVE = YES;
				CLANG_WARN_UNGUARDED_AVAILABILITY = YES_AGGRESSIVE;
				CLANG_WARN_UNREACHABLE_CODE = YES;
				CLANG_WARN__DUPLICATE_METHOD_MATCH = YES;
				COPY_PHASE_STRIP = NO;
				DEBUG_INFORMATION_FORMAT = "dwarf-with-dsym";
				ENABLE_NS_ASSERTIONS = NO;
				ENABLE_STRICT_OBJC_MSGSEND = YES;
				GCC_C_LANGUAGE_STANDARD = gnu11;
				GCC_NO_COMMON_BLOCKS = YES;
				GCC_WARN_64_TO_32_BIT_CONVERSION = YES;
				GCC_WARN_ABOUT_RETURN_TYPE = YES_ERROR;
				GCC_WARN_UNDECLARED_SELECTOR = YES;
				GCC_WARN_UNINITIALIZED_AUTOS = YES_AGGRESSIVE;
				GCC_WARN_UNUSED_FUNCTION = YES;
				GCC_WARN_UNUSED_VARIABLE = YES;
				MACOSX_DEPLOYMENT_TARGET = 10.15;
				MTL_ENABLE_DEBUG_INFO = NO;
				MTL_FAST_MATH = YES;
				SDKROOT = macosx;
			};
			name = Release;
		};
		684809B324D9901F008996C8 /* Debug */ = {
			isa = XCBuildConfiguration;
			buildSettings = {
				CODE_SIGN_STYLE = Automatic;
				PRODUCT_NAME = "$(TARGET_NAME)";
			};
			name = Debug;
		};
		684809B424D9901F008996C8 /* Release */ = {
			isa = XCBuildConfiguration;
			buildSettings = {
				CODE_SIGN_STYLE = Automatic;
				PRODUCT_NAME = "$(TARGET_NAME)";
			};
			name = Release;
		};
/* End XCBuildConfiguration section */

/* Begin XCConfigurationList section */
		684809A624D9901F008996C8 /* Build configuration list for PBXProject "CategoryTest" */ = {
			isa = XCConfigurationList;
			buildConfigurations = (
				684809B024D9901F008996C8 /* Debug */,
				684809B124D9901F008996C8 /* Release */,
			);
			defaultConfigurationIsVisible = 0;
			defaultConfigurationName = Release;
		};
		684809B224D9901F008996C8 /* Build configuration list for PBXNativeTarget "CategoryTest" */ = {
			isa = XCConfigurationList;
			buildConfigurations = (
				684809B324D9901F008996C8 /* Debug */,
				684809B424D9901F008996C8 /* Release */,
			);
			defaultConfigurationIsVisible = 0;
			defaultConfigurationName = Release;
		};
/* End XCConfigurationList section */
	};
	rootObject = 684809A324D9901F008996C8 /* Project object */;
}
